{
  "name": "ladybird-escape",
  "version": "0.0.0",
  "lockfileVersion": 1,
  "requires": true,
  "dependencies": {
    "axios": {
      "version": "0.18.1",
      "resolved": "https://registry.npmjs.org/axios/-/axios-0.18.1.tgz",
      "integrity": "sha512-0BfJq4NSfQXd+SkFdrvFbG7addhYSBA2mQwISr46pD6E5iqkWg02RAs8vyTT/j0RTnoYmeXauBuSv1qKwR179g==",
      "requires": {
        "follow-redirects": "1.5.10",
        "is-buffer": "^2.0.2"
      },
      "dependencies": {
        "is-buffer": {
          "version": "2.0.4",
          "resolved": "https://registry.npmjs.org/is-buffer/-/is-buffer-2.0.4.tgz",
          "integrity": "sha512-Kq1rokWXOPXWuaMAqZiJW4XxsmD9zGx9q4aePabbn3qCRGedtH7Cm+zV8WETitMfu1wdh+Rvd6w5egwSngUX2A=="
        }
      }
    },
    "babel-eslint": {
      "version": "7.2.3",
      "resolved": "https://registry.npmjs.org/babel-eslint/-/babel-eslint-7.2.3.tgz",
      "integrity": "sha1-sv4tgBJkcPXBlELcdXJTqJdxCCc=",
      "dev": true
    },
    "babel-plugin-lodash": {
      "version": "3.2.11",
      "resolved": "https://registry.npmjs.org/babel-plugin-lodash/-/babel-plugin-lodash-3.2.11.tgz",
      "integrity": "sha1-Icj97J/hg176pzeHPjkCvdZtVwE=",
      "dev": true,
      "dependencies": {
        "lodash": {
          "version": "4.17.4",
          "resolved": "https://registry.npmjs.org/lodash/-/lodash-4.17.4.tgz",
          "integrity": "sha1-eCA6TRwyiuHYbcpkYONptX9AVa4="
        }
      }
    },
    "babel-plugin-transform-react-require": {
      "version": "1.0.1",
      "resolved": "https://registry.npmjs.org/babel-plugin-transform-react-require/-/babel-plugin-transform-react-require-1.0.1.tgz",
      "integrity": "sha1-cJ6g0VVvccYtF0HOnws8usFRi+4=",
      "dev": true
    },
    "babel-plugin-transform-runtime": {
      "version": "6.23.0",
      "resolved": "https://registry.npmjs.org/babel-plugin-transform-runtime/-/babel-plugin-transform-runtime-6.23.0.tgz",
      "integrity": "sha1-iEkNRGUC6puOfvsP4J7E2ZR5se4=",
      "dev": true
    },
    "babel-polyfill": {
      "version": "6.26.0",
      "resolved": "https://registry.npmjs.org/babel-polyfill/-/babel-polyfill-6.26.0.tgz",
      "integrity": "sha1-N5k3q8Z9eJWXCtxiHyhM2WbPIVM=",
      "dependencies": {
        "regenerator-runtime": {
          "version": "0.10.5",
          "resolved": "https://registry.npmjs.org/regenerator-runtime/-/regenerator-runtime-0.10.5.tgz",
          "integrity": "sha1-M2w+/BIgrc7dosn6tntaeVWjNlg="
        }
      }
    },
    "babel-preset-urban": {
      "version": "1.0.0",
      "resolved": "https://registry.npmjs.org/babel-preset-urban/-/babel-preset-urban-1.0.0.tgz",
      "integrity": "sha1-BTHGOaarHT9hKP8AHOWxXvFzLGE=",
      "dev": true
    },
    "babelify": {
      "version": "7.3.0",
      "resolved": "https://registry.npmjs.org/babelify/-/babelify-7.3.0.tgz",
      "integrity": "sha1-qlau3nBn/XvVSWZu4W3ChQh+iOU=",
      "dev": true
    },
    "browserify": {
      "version": "14.4.0",
      "resolved": "https://registry.npmjs.org/browserify/-/browserify-14.4.0.tgz",
      "integrity": "sha1-CJo0Y69Y0OSNjNQHCz90ZU1avKk=",
      "dev": true
    },
    "budo": {
      "version": "9.4.7",
      "resolved": "https://registry.npmjs.org/budo/-/budo-9.4.7.tgz",
      "integrity": "sha1-ps3PJXLCLtEzGukfNKB/Jls90gs=",
      "dev": true,
      "dependencies": {
        "browserify": {
          "version": "13.3.0",
          "resolved": "https://registry.npmjs.org/browserify/-/browserify-13.3.0.tgz",
          "integrity": "sha1-tanJAgJD8McORnW+yCI7xifkFc4="
        },
        "buffer": {
          "version": "4.9.1",
          "resolved": "https://registry.npmjs.org/buffer/-/buffer-4.9.1.tgz",
          "integrity": "sha1-bRu2AbB6TvztlwlBMgkwJ8lbwpg="
        },
        "https-browserify": {
          "version": "0.0.1",
          "resolved": "https://registry.npmjs.org/https-browserify/-/https-browserify-0.0.1.tgz",
          "integrity": "sha1-P5E2XKvmC3ftDruiS0VOPgnZWoI="
        },
        "string_decoder": {
          "version": "0.10.31",
          "resolved": "https://registry.npmjs.org/string_decoder/-/string_decoder-0.10.31.tgz",
          "integrity": "sha1-YuIDvEF2bGwoyfyEMB2rHFMQ+pQ="
        }
      }
    },
    "classnames": {
      "version": "2.2.6",
      "resolved": "https://registry.npmjs.org/classnames/-/classnames-2.2.6.tgz",
      "integrity": "sha512-JR/iSQOSt+LQIWwrwEzJ9uk0xfN3mTVYMwt1Ir5mUcSN6pU+V4zQFFaJsclJbPuAUQH+yfWef6tm7l1quW3C8Q=="
    },
    "envify": {
      "version": "4.1.0",
      "resolved": "https://registry.npmjs.org/envify/-/envify-4.1.0.tgz",
      "integrity": "sha512-IKRVVoAYr4pIx4yIWNsz9mOsboxlNXiu7TNBnem/K/uTHdkyzXWDzHCK7UTolqBbgaBz0tQHsD3YNls0uIIjiw==",
      "dev": true
    },
    "eventemitter3": {
      "version": "2.0.3",
      "resolved": "https://registry.npmjs.org/eventemitter3/-/eventemitter3-2.0.3.tgz",
      "integrity": "sha1-teEHm1n7XhuidxwKmTvgYKWMmbo="
    },
    "follow-redirects": {
      "version": "1.5.10",
      "resolved": "https://registry.npmjs.org/follow-redirects/-/follow-redirects-1.5.10.tgz",
      "integrity": "sha512-0V5l4Cizzvqt5D44aTXbFZz+FtyXV1vrDN6qrelxtfYQKW0KO0W2T/hkE8xvGa/540LkZlkaUjO4ailYTFtHVQ==",
      "requires": {
        "debug": "=3.1.0"
      },
      "dependencies": {
        "debug": {
          "version": "3.1.0",
          "resolved": "https://registry.npmjs.org/debug/-/debug-3.1.0.tgz",
          "integrity": "sha512-OX8XqP7/1a9cqkxYw2yXss15f26NKWBpDXQd0/uK/KPqdQhxbPa994hnzjcE2VqQpDslf55723cKPUOGSmMY3g==",
          "requires": {
            "ms": "2.0.0"
          }
        }
      }
    },
    "lodash": {
      "version": "4.17.4",
      "resolved": "https://registry.npmjs.org/lodash/-/lodash-4.17.4.tgz",
      "integrity": "sha1-eCA6TRwyiuHYbcpkYONptX9AVa4="
    },
    "most": {
      "version": "1.6.1",
      "resolved": "https://registry.npmjs.org/most/-/most-1.6.1.tgz",
      "integrity": "sha1-KiRa3Mf4hhewpjFny3a8H8CKnQo="
    },
    "ms": {
      "version": "2.0.0",
      "resolved": "https://registry.npmjs.org/ms/-/ms-2.0.0.tgz",
      "integrity": "sha1-VgiurfwAvmwpAd9fmGF4jeDVl8g="
    },
    "raid": {
      "version": "2.7.0",
      "resolved": "https://registry.npmjs.org/raid/-/raid-2.7.0.tgz",
      "integrity": "sha512-3ReV5NDH0QOcoS5wRVAOD3ubFzxtOWuEkmy5SURsuMmr+LnA2mMyXg/ADdAKJhw4vxJWckQs7c4fdD2zLtBooA=="
    },
    "raid-addons": {
      "version": "2.8.0",
      "resolved": "https://registry.npmjs.org/raid-addons/-/raid-addons-2.8.0.tgz",
      "integrity": "sha512-uzfZrMFNWGIPPOvV71VKJsvRUGTKb6jkWLvqfVjrNo788tOYmBgwJ3WF4115fUoGyOl0yQc3sqVhwQD2tNmIqg=="
    },
    "raid-streams": {
      "version": "2.8.0",
      "resolved": "https://registry.npmjs.org/raid-streams/-/raid-streams-2.8.0.tgz",
      "integrity": "sha512-ff3j82J8nrAdiiZw+A0D41Id+EcCyKOVc9KFZX0uGxzCgsjQ8ay9Y7Xly5TWzdFgfTzlLbqAfEVL6txw0VnEEA==",
      "dependencies": {
        "quay": {
          "version": "0.6.0",
          "resolved": "https://registry.npmjs.org/quay/-/quay-0.6.0.tgz",
          "integrity": "sha512-16fHQRaXSmZ5QiZXOxD0KO8hS8gfVNqgqjCG+gJsDKGdnouMYTwXOi4PenPvnRnzxmwf9vUdolsEsWH2WrsfZA==",
          "dependencies": {
            "eventemitter3": {
              "version": "1.2.0",
              "resolved": "https://registry.npmjs.org/eventemitter3/-/eventemitter3-1.2.0.tgz",
              "integrity": "sha1-HIaZHYFq0eUEdQ5zh0Ik7PO+xQg="
            }
          }
        }
      }
    },
    "react": {
      "version": "15.6.1",
      "resolved": "https://registry.npmjs.org/react/-/react-15.6.1.tgz",
      "integrity": "sha1-uqhDTsZ4C96ZfNw4C3nNM7ljk98="
    },
    "react-dom": {
      "version": "15.6.1",
      "resolved": "https://registry.npmjs.org/react-dom/-/react-dom-15.6.1.tgz",
      "integrity": "sha1-LLDtQZEDjlPCCes6eaI+Kkz5lHA="
    },
    "reselect": {
      "version": "2.5.4",
      "resolved": "https://registry.npmjs.org/reselect/-/reselect-2.5.4.tgz",
      "integrity": "sha1-t9I/3wC4P6etAnlUb427vXZccEc="
    },
    "standard": {
      "version": "10.0.3",
      "resolved": "https://registry.npmjs.org/standard/-/standard-10.0.3.tgz",
      "integrity": "sha512-JURZ+85ExKLQULckDFijdX5WHzN6RC7fgiZNSV4jFQVo+3tPoQGHyBrGekye/yf0aOfb4210EM5qPNlc2cRh4w==",
      "dev": true
    },
    "styled-jsx": {
      "version": "0.5.7",
      "resolved": "https://registry.npmjs.org/styled-jsx/-/styled-jsx-0.5.7.tgz",
      "integrity": "sha1-LLAiY/+nGbFDWoZP3WxigCroZmk=",
      "dependencies": {
        "babel-traverse": {
          "version": "6.21.0",
          "resolved": "https://registry.npmjs.org/babel-traverse/-/babel-traverse-6.21.0.tgz",
          "integrity": "sha1-acY2WATxpPaesSE/hbAKgYuMIa0="
        },
        "babylon": {
          "version": "6.14.1",
          "resolved": "https://registry.npmjs.org/babylon/-/babylon-6.14.1.tgz",
          "integrity": "sha1-lWJ1+rcnU62bNDXXr+WPi/CimBU="
        },
        "convert-source-map": {
          "version": "1.3.0",
          "resolved": "https://registry.npmjs.org/convert-source-map/-/convert-source-map-1.3.0.tgz",
          "integrity": "sha1-6fPpxuJyjvwmdmlqcOs4L3MQamc="
        },
        "lodash": {
          "version": "4.17.4",
          "resolved": "https://registry.npmjs.org/lodash/-/lodash-4.17.4.tgz",
          "integrity": "sha1-eCA6TRwyiuHYbcpkYONptX9AVa4="
        }
      }
    }
  }
}
